<Solution>
  <Folder Name="/config/">
    <File Path=".config/dotnet-tools.json" />
    <File Path=".editorconfig" />
    <File Path=".github/copilot-instructions.md" />
    <File Path="Directory.Packages.props" />
  </Folder>
  <Folder Name="/demos/">
    <Project Path="src-demos/Demos.Core/Demos.Core.csproj" Id="0a6fb819-cc3a-471d-af5b-dbb355403819" />
    <Project Path="src-demos/StartDemos.AppHost/StartDemos.AppHost.csproj" Id="29bda09f-b681-4cce-8a48-eb953572a7cf" />
  </Folder>
  <Folder Name="/demos/app-admins/">
    <Project Path="src-demos/AdminDemoApp.Core/AdminDemoApp.Core.csproj" />
    <Project Path="src-demos/AdminDemoApp/AdminDemoApp.csproj" Id="34058842-3e5f-4dcf-a9d7-73a5c3f001db" />
  </Folder>
  <Folder Name="/demos/app-portals/">
    <Project Path="src-demos/WebDemoApp.Core/WebDemoApp.Core.csproj" Id="a2653736-77ed-4a09-90eb-1e6657e90d95" />
    <Project Path="src-demos/WebDemoApp/WebDemoApp.csproj" Id="f6fd8f39-eb37-48df-86d8-559208e5bd92" />
  </Folder>
  <Folder Name="/demos/webs/" />
  <Folder Name="/docs/">
    <File Path="docs/docs.md" />
    <File Path="README.md" />
  </Folder>
  <Folder Name="/scripts/">
    <File Path="scripts/EFMigrations.ps1" />
    <File Path="scripts/UpdateMenus.ps1" />
  </Folder>
  <Folder Name="/src/">
    <Project Path="src/AppHost/AppHost.csproj" />
  </Folder>
  <Folder Name="/src/Perigon/" Id="9048eb7f-3875-a59e-e36b-5bd4c6f2a282">
    <Project Path="src/Perigon/Perigon.AspNetCore.SourceGeneration/Perigon.AspNetCore.SourceGeneration.csproj" Id="2100e1d1-be4d-45d4-ada2-87bf36ae67f7" />
    <Project Path="src/Perigon/Perigon.AspNetCore.Toolkit/Perigon.AspNetCore.Toolkit.csproj" />
    <Project Path="src/Perigon/Perigon.AspNetCore/Perigon.AspNetCore.csproj" Id="5cd13529-038d-44b2-a90d-d636396d01bb" />
  </Folder>
  <Folder Name="/src/Definition/">
    <Project Path="src/Definition/Entity/Entity.csproj" />
    <Project Path="src/Definition/EntityFramework/EntityFramework.csproj" />
    <Project Path="src/Definition/ServiceDefaults/ServiceDefaults.csproj" />
    <Project Path="src/Definition/Share/Share.csproj" />
  </Folder>
  <Folder Name="/src/Modules/">
    <Project Path="src/Modules/AIAgentMod/AIAgentMod.csproj" />
    <Project Path="src/Modules/CommonMod/CommonMod.csproj" Id="f2def1d4-f065-d84e-4e7b-454a998f4dfc" />
    <Project Path="src/Modules/SystemMod/SystemMod.csproj" />
  </Folder>
  <Folder Name="/src/SDKs/" />
  
  <Folder Name="/src/Services/" Id="02ea681e-c7d8-13c7-8484-4ac65e1b71e8">
    <Project Path="src/Services/AdminService/AdminService.csproj" />
    <Project Path="src/Services/ApiService/ApiService.csproj" />
    <Project Path="src/Services/MigrationService/MigrationService.csproj" />
  </Folder>
  <Folder Name="/test/">
    <Project Path="test/ApiTest/ApiTest.csproj" Id="76a6ee38-e083-4d7a-a1f4-5f490942d94b" />
  </Folder>
</Solution>
